
Microsoft Visual Studio Solution File, Format Version 12.00
Project("{FAE04EC0-301F-11D3-BF4B-00C04F79EFBC}") = "lab", "lab.csproj", "{FCD314A8-7F6D-48D0-BE6B-C32358C90B10}"
EndProject
Global
	GlobalSection(SolutionConfigurationPlatforms) = preSolution
		Debug|Any CPU = Debug|Any CPU
		Release|Any CPU = Release|Any CPU
	EndGlobalSection
	GlobalSection(ProjectConfigurationPlatforms) = postSolution
		{FCD314A8-7F6D-48D0-BE6B-C32358C90B10}.Debug|Any CPU.ActiveCfg = Debug|Any CPU
		{FCD314A8-7F6D-48D0-BE6B-C32358C90B10}.Debug|Any CPU.Build.0 = Debug|Any CPU
		{FCD314A8-7F6D-48D0-BE6B-C32358C90B10}.Release|Any CPU.ActiveCfg = Release|Any CPU
		{FCD314A8-7F6D-48D0-BE6B-C32358C90B10}.Release|Any CPU.Build.0 = Release|Any CPU
	EndGlobalSection
EndGlobal
